
Microsoft Visual Studio Solution File, Format Version 12.00
# Visual Studio Version 17
VisualStudioVersion = 17.5.002.0
MinimumVisualStudioVersion = 10.0.40219.1
Project("{9A19103F-16F7-4668-BE54-9A1E7A4F7556}") = "Exam_unit_1", "Exam_unit_1.csproj", "{60001172-76D4-4D5E-9362-5EE683D2D187}"
EndProject
Global
	GlobalSection(SolutionConfigurationPlatforms) = preSolution
		Debug|Any CPU = Debug|Any CPU
		Release|Any CPU = Release|Any CPU
	EndGlobalSection
	GlobalSection(ProjectConfigurationPlatforms) = postSolution
		{60001172-76D4-4D5E-9362-5EE683D2D187}.Debug|Any CPU.ActiveCfg = Debug|Any CPU
		{60001172-76D4-4D5E-9362-5EE683D2D187}.Debug|Any CPU.Build.0 = Debug|Any CPU
		{60001172-76D4-4D5E-9362-5EE683D2D187}.Release|Any CPU.ActiveCfg = Release|Any CPU
		{60001172-76D4-4D5E-9362-5EE683D2D187}.Release|Any CPU.Build.0 = Release|Any CPU
	EndGlobalSection
	GlobalSection(SolutionProperties) = preSolution
		HideSolutionNode = FALSE
	EndGlobalSection
	GlobalSection(ExtensibilityGlobals) = postSolution
		SolutionGuid = {4AC9D71C-EADA-44F0-91FC-A19ACF9FA99A}
	EndGlobalSection
EndGlobal
